
Microsoft Visual Studio Solution File, Format Version 12.00
# Visual Studio Version 16
VisualStudioVersion = 16.0.32002.261
MinimumVisualStudioVersion = 10.0.40219.1
Project("{2150E333-8FDC-42A3-9474-1A3956D46DE8}") = "Services", "Services", "{F25B9C82-658D-4145-8340-52F838D0D78E}"
EndProject
Project("{2150E333-8FDC-42A3-9474-1A3956D46DE8}") = "Catalog", "Catalog", "{0940A918-AD9F-4540-B31E-6EB114895FE2}"
EndProject
Project("{9A19103F-16F7-4668-BE54-9A1E7A4F7556}") = "Catalog.API", "Services\Catalog\Catalog.API\Catalog.API.csproj", "{527984DC-977D-4F6B-B295-D827901F3788}"
EndProject
Project("{E53339B2-1760-4266-BCC7-CA923CBCF16C}") = "docker-compose", "docker-compose.dcproj", "{97C6FC4F-58AE-4A2B-BD84-5DFB0F092D8C}"
EndProject
Project("{2150E333-8FDC-42A3-9474-1A3956D46DE8}") = "Basket", "Basket", "{0DDB8193-CF2B-4650-A2EA-78B5AC49F4DC}"
EndProject
Project("{FAE04EC0-301F-11D3-BF4B-00C04F79EFBC}") = "Basket.API", "Services\Basket\Basket.API\Basket.API.csproj", "{3E3B034D-C9CD-45A4-94AD-3F8D50086AA9}"
EndProject
Global
	GlobalSection(SolutionConfigurationPlatforms) = preSolution
		Debug|Any CPU = Debug|Any CPU
		Release|Any CPU = Release|Any CPU
	EndGlobalSection
	GlobalSection(ProjectConfigurationPlatforms) = postSolution
		{527984DC-977D-4F6B-B295-D827901F3788}.Debug|Any CPU.ActiveCfg = Debug|Any CPU
		{527984DC-977D-4F6B-B295-D827901F3788}.Debug|Any CPU.Build.0 = Debug|Any CPU
		{527984DC-977D-4F6B-B295-D827901F3788}.Release|Any CPU.ActiveCfg = Release|Any CPU
		{527984DC-977D-4F6B-B295-D827901F3788}.Release|Any CPU.Build.0 = Release|Any CPU
		{97C6FC4F-58AE-4A2B-BD84-5DFB0F092D8C}.Debug|Any CPU.ActiveCfg = Debug|Any CPU
		{97C6FC4F-58AE-4A2B-BD84-5DFB0F092D8C}.Debug|Any CPU.Build.0 = Debug|Any CPU
		{97C6FC4F-58AE-4A2B-BD84-5DFB0F092D8C}.Release|Any CPU.ActiveCfg = Release|Any CPU
		{97C6FC4F-58AE-4A2B-BD84-5DFB0F092D8C}.Release|Any CPU.Build.0 = Release|Any CPU
		{3E3B034D-C9CD-45A4-94AD-3F8D50086AA9}.Debug|Any CPU.ActiveCfg = Debug|Any CPU
		{3E3B034D-C9CD-45A4-94AD-3F8D50086AA9}.Debug|Any CPU.Build.0 = Debug|Any CPU
		{3E3B034D-C9CD-45A4-94AD-3F8D50086AA9}.Release|Any CPU.ActiveCfg = Release|Any CPU
		{3E3B034D-C9CD-45A4-94AD-3F8D50086AA9}.Release|Any CPU.Build.0 = Release|Any CPU
	EndGlobalSection
	GlobalSection(SolutionProperties) = preSolution
		HideSolutionNode = FALSE
	EndGlobalSection
	GlobalSection(NestedProjects) = preSolution
		{0940A918-AD9F-4540-B31E-6EB114895FE2} = {F25B9C82-658D-4145-8340-52F838D0D78E}
		{527984DC-977D-4F6B-B295-D827901F3788} = {0940A918-AD9F-4540-B31E-6EB114895FE2}
		{0DDB8193-CF2B-4650-A2EA-78B5AC49F4DC} = {F25B9C82-658D-4145-8340-52F838D0D78E}
		{3E3B034D-C9CD-45A4-94AD-3F8D50086AA9} = {0DDB8193-CF2B-4650-A2EA-78B5AC49F4DC}
	EndGlobalSection
	GlobalSection(ExtensibilityGlobals) = postSolution
		SolutionGuid = {2C9AC952-CC1A-4233-A778-5AEB607C95C8}
	EndGlobalSection
EndGlobal
